// !$*UTF8*$!
{
	archiveVersion = 1;
	classes = {
	};
	objectVersion = 56;
	objects = {

/* Begin PBXBuildFile section */
		732AC09B2AC579430035506B /* ExamplesAppUniversalApp.swift in Sources */ = {isa = PBXBuildFile; fileRef = 732AC09A2AC579430035506B /* ExamplesAppUniversalApp.swift */; };
		732AC09D2AC579430035506B /* Persistence.swift in Sources */ = {isa = PBXBuildFile; fileRef = 732AC09C2AC579430035506B /* Persistence.swift */; };
		732AC0A02AC579430035506B /* ExamplesAppUniversal.xcdatamodeld in Sources */ = {isa = PBXBuildFile; fileRef = 732AC09E2AC579430035506B /* ExamplesAppUniversal.xcdatamodeld */; };
		732AC0A22AC579430035506B /* ContentView.swift in Sources */ = {isa = PBXBuildFile; fileRef = 732AC0A12AC579430035506B /* ContentView.swift */; };
		732AC0A42AC579450035506B /* Assets.xcassets in Resources */ = {isa = PBXBuildFile; fileRef = 732AC0A32AC579450035506B /* Assets.xcassets */; };
		732AC0A82AC579450035506B /* Preview Assets.xcassets in Resources */ = {isa = PBXBuildFile; fileRef = 732AC0A72AC579450035506B /* Preview Assets.xcassets */; };
		732AC0B22AC579450035506B /* ExamplesAppUniversalTests.swift in Sources */ = {isa = PBXBuildFile; fileRef = 732AC0B12AC579450035506B /* ExamplesAppUniversalTests.swift */; };
		732AC0BC2AC579450035506B /* ExamplesAppUniversalUITests.swift in Sources */ = {isa = PBXBuildFile; fileRef = 732AC0BB2AC579450035506B /* ExamplesAppUniversalUITests.swift */; };
		732AC0BE2AC579450035506B /* ExamplesAppUniversalUITestsLaunchTests.swift in Sources */ = {isa = PBXBuildFile; fileRef = 732AC0BD2AC579450035506B /* ExamplesAppUniversalUITestsLaunchTests.swift */; };
		732AC0CB2AC57AAA0035506B /* Examples.xib in Resources */ = {isa = PBXBuildFile; fileRef = 732AC0CA2AC57AAA0035506B /* Examples.xib */; };
/* End PBXBuildFile section */

/* Begin PBXContainerItemProxy section */
		732AC0AE2AC579450035506B /* PBXContainerItemProxy */ = {
			isa = PBXContainerItemProxy;
			containerPortal = 732AC08F2AC579430035506B /* Project object */;
			proxyType = 1;
			remoteGlobalIDString = 732AC0962AC579430035506B;
			remoteInfo = ExamplesAppUniversal;
		};
		732AC0B82AC579450035506B /* PBXContainerItemProxy */ = {
			isa = PBXContainerItemProxy;
			containerPortal = 732AC08F2AC579430035506B /* Project object */;
			proxyType = 1;
			remoteGlobalIDString = 732AC0962AC579430035506B;
			remoteInfo = ExamplesAppUniversal;
		};
/* End PBXContainerItemProxy section */

/* Begin PBXFileReference section */
		732AC0972AC579430035506B /* ExamplesAppUniversal.app */ = {isa = PBXFileReference; explicitFileType = wrapper.application; includeInIndex = 0; path = ExamplesAppUniversal.app; sourceTree = BUILT_PRODUCTS_DIR; };
		732AC09A2AC579430035506B /* ExamplesAppUniversalApp.swift */ = {isa = PBXFileReference; lastKnownFileType = sourcecode.swift; path = ExamplesAppUniversalApp.swift; sourceTree = "<group>"; };
		732AC09C2AC579430035506B /* Persistence.swift */ = {isa = PBXFileReference; lastKnownFileType = sourcecode.swift; path = Persistence.swift; sourceTree = "<group>"; };
		732AC09F2AC579430035506B /* ExamplesAppUniversal.xcdatamodel */ = {isa = PBXFileReference; lastKnownFileType = wrapper.xcdatamodel; path = ExamplesAppUniversal.xcdatamodel; sourceTree = "<group>"; };
		732AC0A12AC579430035506B /* ContentView.swift */ = {isa = PBXFileReference; lastKnownFileType = sourcecode.swift; path = ContentView.swift; sourceTree = "<group>"; };
		732AC0A32AC579450035506B /* Assets.xcassets */ = {isa = PBXFileReference; lastKnownFileType = folder.assetcatalog; path = Assets.xcassets; sourceTree = "<group>"; };
		732AC0A52AC579450035506B /* ExamplesAppUniversal.entitlements */ = {isa = PBXFileReference; lastKnownFileType = text.plist.entitlements; path = ExamplesAppUniversal.entitlements; sourceTree = "<group>"; };
		732AC0A72AC579450035506B /* Preview Assets.xcassets */ = {isa = PBXFileReference; lastKnownFileType = folder.assetcatalog; path = "Preview Assets.xcassets"; sourceTree = "<group>"; };
		732AC0AD2AC579450035506B /* ExamplesAppUniversalTests.xctest */ = {isa = PBXFileReference; explicitFileType = wrapper.cfbundle; includeInIndex = 0; path = ExamplesAppUniversalTests.xctest; sourceTree = BUILT_PRODUCTS_DIR; };
		732AC0B12AC579450035506B /* ExamplesAppUniversalTests.swift */ = {isa = PBXFileReference; lastKnownFileType = sourcecode.swift; path = ExamplesAppUniversalTests.swift; sourceTree = "<group>"; };
		732AC0B72AC579450035506B /* ExamplesAppUniversalUITests.xctest */ = {isa = PBXFileReference; explicitFileType = wrapper.cfbundle; includeInIndex = 0; path = ExamplesAppUniversalUITests.xctest; sourceTree = BUILT_PRODUCTS_DIR; };
		732AC0BB2AC579450035506B /* ExamplesAppUniversalUITests.swift */ = {isa = PBXFileReference; lastKnownFileType = sourcecode.swift; path = ExamplesAppUniversalUITests.swift; sourceTree = "<group>"; };
		732AC0BD2AC579450035506B /* ExamplesAppUniversalUITestsLaunchTests.swift */ = {isa = PBXFileReference; lastKnownFileType = sourcecode.swift; path = ExamplesAppUniversalUITestsLaunchTests.swift; sourceTree = "<group>"; };
		732AC0CA2AC57AAA0035506B /* Examples.xib */ = {isa = PBXFileReference; lastKnownFileType = file.xib; path = Examples.xib; sourceTree = "<group>"; };
/* End PBXFileReference section */

/* Begin PBXFrameworksBuildPhase section */
		732AC0942AC579430035506B /* Frameworks */ = {
			isa = PBXFrameworksBuildPhase;
			buildActionMask = 2147483647;
			files = (
			);
			runOnlyForDeploymentPostprocessing = 0;
		};
		732AC0AA2AC579450035506B /* Frameworks */ = {
			isa = PBXFrameworksBuildPhase;
			buildActionMask = 2147483647;
			files = (
			);
			runOnlyForDeploymentPostprocessing = 0;
		};
		732AC0B42AC579450035506B /* Frameworks */ = {
			isa = PBXFrameworksBuildPhase;
			buildActionMask = 2147483647;
			files = (
			);
			runOnlyForDeploymentPostprocessing = 0;
		};
/* End PBXFrameworksBuildPhase section */

/* Begin PBXGroup section */
		732AC08E2AC579430035506B = {
			isa = PBXGroup;
			children = (
				732AC0992AC579430035506B /* ExamplesAppUniversal */,
				732AC0B02AC579450035506B /* ExamplesAppUniversalTests */,
				732AC0BA2AC579450035506B /* ExamplesAppUniversalUITests */,
				732AC0982AC579430035506B /* Products */,
			);
			sourceTree = "<group>";
		};
		732AC0982AC579430035506B /* Products */ = {
			isa = PBXGroup;
			children = (
				732AC0972AC579430035506B /* ExamplesAppUniversal.app */,
				732AC0AD2AC579450035506B /* ExamplesAppUniversalTests.xctest */,
				732AC0B72AC579450035506B /* ExamplesAppUniversalUITests.xctest */,
			);
			name = Products;
			sourceTree = "<group>";
		};
		732AC0992AC579430035506B /* ExamplesAppUniversal */ = {
			isa = PBXGroup;
			children = (
				732AC09A2AC579430035506B /* ExamplesAppUniversalApp.swift */,
				732AC09C2AC579430035506B /* Persistence.swift */,
				732AC0A12AC579430035506B /* ContentView.swift */,
				732AC0A32AC579450035506B /* Assets.xcassets */,
				732AC0A52AC579450035506B /* ExamplesAppUniversal.entitlements */,
				732AC09E2AC579430035506B /* ExamplesAppUniversal.xcdatamodeld */,
				732AC0A62AC579450035506B /* Preview Content */,
				732AC0CA2AC57AAA0035506B /* Examples.xib */,
			);
			path = ExamplesAppUniversal;
			sourceTree = "<group>";
		};
		732AC0A62AC579450035506B /* Preview Content */ = {
			isa = PBXGroup;
			children = (
				732AC0A72AC579450035506B /* Preview Assets.xcassets */,
			);
			path = "Preview Content";
			sourceTree = "<group>";
		};
		732AC0B02AC579450035506B /* ExamplesAppUniversalTests */ = {
			isa = PBXGroup;
			children = (
				732AC0B12AC579450035506B /* ExamplesAppUniversalTests.swift */,
			);
			path = ExamplesAppUniversalTests;
			sourceTree = "<group>";
		};
		732AC0BA2AC579450035506B /* ExamplesAppUniversalUITests */ = {
			isa = PBXGroup;
			children = (
				732AC0BB2AC579450035506B /* ExamplesAppUniversalUITests.swift */,
				732AC0BD2AC579450035506B /* ExamplesAppUniversalUITestsLaunchTests.swift */,
			);
			path = ExamplesAppUniversalUITests;
			sourceTree = "<group>";
		};
/* End PBXGroup section */

/* Begin PBXNativeTarget section */
		732AC0962AC579430035506B /* ExamplesAppUniversal */ = {
			isa = PBXNativeTarget;
			buildConfigurationList = 732AC0C12AC579450035506B /* Build configuration list for PBXNativeTarget "ExamplesAppUniversal" */;
			buildPhases = (
				732AC0932AC579430035506B /* Sources */,
				732AC0942AC579430035506B /* Frameworks */,
				732AC0952AC579430035506B /* Resources */,
			);
			buildRules = (
			);
			dependencies = (
			);
			name = ExamplesAppUniversal;
			productName = ExamplesAppUniversal;
			productReference = 732AC0972AC579430035506B /* ExamplesAppUniversal.app */;
			productType = "com.apple.product-type.application";
		};
		732AC0AC2AC579450035506B /* ExamplesAppUniversalTests */ = {
			isa = PBXNativeTarget;
			buildConfigurationList = 732AC0C42AC579450035506B /* Build configuration list for PBXNativeTarget "ExamplesAppUniversalTests" */;
			buildPhases = (
				732AC0A92AC579450035506B /* Sources */,
				732AC0AA2AC579450035506B /* Frameworks */,
				732AC0AB2AC579450035506B /* Resources */,
			);
			buildRules = (
			);
			dependencies = (
				732AC0AF2AC579450035506B /* PBXTargetDependency */,
			);
			name = ExamplesAppUniversalTests;
			productName = ExamplesAppUniversalTests;
			productReference = 732AC0AD2AC579450035506B /* ExamplesAppUniversalTests.xctest */;
			productType = "com.apple.product-type.bundle.unit-test";
		};
		732AC0B62AC579450035506B /* ExamplesAppUniversalUITests */ = {
			isa = PBXNativeTarget;
			buildConfigurationList = 732AC0C72AC579450035506B /* Build configuration list for PBXNativeTarget "ExamplesAppUniversalUITests" */;
			buildPhases = (
				732AC0B32AC579450035506B /* Sources */,
				732AC0B42AC579450035506B /* Frameworks */,
				732AC0B52AC579450035506B /* Resources */,
			);
			buildRules = (
			);
			dependencies = (
				732AC0B92AC579450035506B /* PBXTargetDependency */,
			);
			name = ExamplesAppUniversalUITests;
			productName = ExamplesAppUniversalUITests;
			productReference = 732AC0B72AC579450035506B /* ExamplesAppUniversalUITests.xctest */;
			productType = "com.apple.product-type.bundle.ui-testing";
		};
/* End PBXNativeTarget section */

/* Begin PBXProject section */
		732AC08F2AC579430035506B /* Project object */ = {
			isa = PBXProject;
			attributes = {
				BuildIndependentTargetsInParallel = 1;
				LastSwiftUpdateCheck = 1420;
				LastUpgradeCheck = 1420;
				TargetAttributes = {
					732AC0962AC579430035506B = {
						CreatedOnToolsVersion = 14.2;
					};
					732AC0AC2AC579450035506B = {
						CreatedOnToolsVersion = 14.2;
						TestTargetID = 732AC0962AC579430035506B;
					};
					732AC0B62AC579450035506B = {
						CreatedOnToolsVersion = 14.2;
						TestTargetID = 732AC0962AC579430035506B;
					};
				};
			};
			buildConfigurationList = 732AC0922AC579430035506B /* Build configuration list for PBXProject "ExamplesAppUniversal" */;
			compatibilityVersion = "Xcode 14.0";
			developmentRegion = en;
			hasScannedForEncodings = 0;
			knownRegions = (
				en,
				Base,
			);
			mainGroup = 732AC08E2AC579430035506B;
			productRefGroup = 732AC0982AC579430035506B /* Products */;
			projectDirPath = "";
			projectRoot = "";
			targets = (
				732AC0962AC579430035506B /* ExamplesAppUniversal */,
				732AC0AC2AC579450035506B /* ExamplesAppUniversalTests */,
				732AC0B62AC579450035506B /* ExamplesAppUniversalUITests */,
			);
		};
/* End PBXProject section */

/* Begin PBXResourcesBuildPhase section */
		732AC0952AC579430035506B /* Resources */ = {
			isa = PBXResourcesBuildPhase;
			buildActionMask = 2147483647;
			files = (
				732AC0A82AC579450035506B /* Preview Assets.xcassets in Resources */,
				732AC0A42AC579450035506B /* Assets.xcassets in Resources */,
				732AC0CB2AC57AAA0035506B /* Examples.xib in Resources */,
			);
			runOnlyForDeploymentPostprocessing = 0;
		};
		732AC0AB2AC579450035506B /* Resources */ = {
			isa = PBXResourcesBuildPhase;
			buildActionMask = 2147483647;
			files = (
			);
			runOnlyForDeploymentPostprocessing = 0;
		};
		732AC0B52AC579450035506B /* Resources */ = {
			isa = PBXResourcesBuildPhase;
			buildActionMask = 2147483647;
			files = (
			);
			runOnlyForDeploymentPostprocessing = 0;
		};
/* End PBXResourcesBuildPhase section */

/* Begin PBXSourcesBuildPhase section */
		732AC0932AC579430035506B /* Sources */ = {
			isa = PBXSourcesBuildPhase;
			buildActionMask = 2147483647;
			files = (
				732AC09B2AC579430035506B /* ExamplesAppUniversalApp.swift in Sources */,
				732AC0A02AC579430035506B /* ExamplesAppUniversal.xcdatamodeld in Sources */,
				732AC0A22AC579430035506B /* ContentView.swift in Sources */,
				732AC09D2AC579430035506B /* Persistence.swift in Sources */,
			);
			runOnlyForDeploymentPostprocessing = 0;
		};
		732AC0A92AC579450035506B /* Sources */ = {
			isa = PBXSourcesBuildPhase;
			buildActionMask = 2147483647;
			files = (
				732AC0B22AC579450035506B /* ExamplesAppUniversalTests.swift in Sources */,
			);
			runOnlyForDeploymentPostprocessing = 0;
		};
		732AC0B32AC579450035506B /* Sources */ = {
			isa = PBXSourcesBuildPhase;
			buildActionMask = 2147483647;
			files = (
				732AC0BC2AC579450035506B /* ExamplesAppUniversalUITests.swift in Sources */,
				732AC0BE2AC579450035506B /* ExamplesAppUniversalUITestsLaunchTests.swift in Sources */,
			);
			runOnlyForDeploymentPostprocessing = 0;
		};
/* End PBXSourcesBuildPhase section */

/* Begin PBXTargetDependency section */
		732AC0AF2AC579450035506B /* PBXTargetDependency */ = {
			isa = PBXTargetDependency;
			target = 732AC0962AC579430035506B /* ExamplesAppUniversal */;
			targetProxy = 732AC0AE2AC579450035506B /* PBXContainerItemProxy */;
		};
		732AC0B92AC579450035506B /* PBXTargetDependency */ = {
			isa = PBXTargetDependency;
			target = 732AC0962AC579430035506B /* ExamplesAppUniversal */;
			targetProxy = 732AC0B82AC579450035506B /* PBXContainerItemProxy */;
		};
/* End PBXTargetDependency section */

/* Begin XCBuildConfiguration section */
		732AC0BF2AC579450035506B /* Debug */ = {
			isa = XCBuildConfiguration;
			buildSettings = {
				ALWAYS_SEARCH_USER_PATHS = NO;
				CLANG_ANALYZER_NONNULL = YES;
				CLANG_ANALYZER_NUMBER_OBJECT_CONVERSION = YES_AGGRESSIVE;
				CLANG_CXX_LANGUAGE_STANDARD = "gnu++20";
				CLANG_ENABLE_MODULES = YES;
				CLANG_ENABLE_OBJC_ARC = YES;
				CLANG_ENABLE_OBJC_WEAK = YES;
				CLANG_WARN_BLOCK_CAPTURE_AUTORELEASING = YES;
				CLANG_WARN_BOOL_CONVERSION = YES;
				CLANG_WARN_COMMA = YES;
				CLANG_WARN_CONSTANT_CONVERSION = YES;
				CLANG_WARN_DEPRECATED_OBJC_IMPLEMENTATIONS = YES;
				CLANG_WARN_DIRECT_OBJC_ISA_USAGE = YES_ERROR;
				CLANG_WARN_DOCUMENTATION_COMMENTS = YES;
				CLANG_WARN_EMPTY_BODY = YES;
				CLANG_WARN_ENUM_CONVERSION = YES;
				CLANG_WARN_INFINITE_RECURSION = YES;
				CLANG_WARN_INT_CONVERSION = YES;
				CLANG_WARN_NON_LITERAL_NULL_CONVERSION = YES;
				CLANG_WARN_OBJC_IMPLICIT_RETAIN_SELF = YES;
				CLANG_WARN_OBJC_LITERAL_CONVERSION = YES;
				CLANG_WARN_OBJC_ROOT_CLASS = YES_ERROR;
				CLANG_WARN_QUOTED_INCLUDE_IN_FRAMEWORK_HEADER = YES;
				CLANG_WARN_RANGE_LOOP_ANALYSIS = YES;
				CLANG_WARN_STRICT_PROTOTYPES = YES;
				CLANG_WARN_SUSPICIOUS_MOVE = YES;
				CLANG_WARN_UNGUARDED_AVAILABILITY = YES_AGGRESSIVE;
				CLANG_WARN_UNREACHABLE_CODE = YES;
				CLANG_WARN__DUPLICATE_METHOD_MATCH = YES;
				COPY_PHASE_STRIP = NO;
				DEBUG_INFORMATION_FORMAT = dwarf;
				ENABLE_STRICT_OBJC_MSGSEND = YES;
				ENABLE_TESTABILITY = YES;
				GCC_C_LANGUAGE_STANDARD = gnu11;
				GCC_DYNAMIC_NO_PIC = NO;
				GCC_NO_COMMON_BLOCKS = YES;
				GCC_OPTIMIZATION_LEVEL = 0;
				GCC_PREPROCESSOR_DEFINITIONS = (
					"DEBUG=1",
					"$(inherited)",
				);
				GCC_WARN_64_TO_32_BIT_CONVERSION = YES;
				GCC_WARN_ABOUT_RETURN_TYPE = YES_ERROR;
				GCC_WARN_UNDECLARED_SELECTOR = YES;
				GCC_WARN_UNINITIALIZED_AUTOS = YES_AGGRESSIVE;
				GCC_WARN_UNUSED_FUNCTION = YES;
				GCC_WARN_UNUSED_VARIABLE = YES;
				MTL_ENABLE_DEBUG_INFO = INCLUDE_SOURCE;
				MTL_FAST_MATH = YES;
				ONLY_ACTIVE_ARCH = YES;
				SWIFT_ACTIVE_COMPILATION_CONDITIONS = DEBUG;
				SWIFT_OPTIMIZATION_LEVEL = "-Onone";
			};
			name = Debug;
		};
		732AC0C02AC579450035506B /* Release */ = {
			isa = XCBuildConfiguration;
			buildSettings = {
				ALWAYS_SEARCH_USER_PATHS = NO;
				CLANG_ANALYZER_NONNULL = YES;
				CLANG_ANALYZER_NUMBER_OBJECT_CONVERSION = YES_AGGRESSIVE;
				CLANG_CXX_LANGUAGE_STANDARD = "gnu++20";
				CLANG_ENABLE_MODULES = YES;
				CLANG_ENABLE_OBJC_ARC = YES;
				CLANG_ENABLE_OBJC_WEAK = YES;
				CLANG_WARN_BLOCK_CAPTURE_AUTORELEASING = YES;
				CLANG_WARN_BOOL_CONVERSION = YES;
				CLANG_WARN_COMMA = YES;
				CLANG_WARN_CONSTANT_CONVERSION = YES;
				CLANG_WARN_DEPRECATED_OBJC_IMPLEMENTATIONS = YES;
				CLANG_WARN_DIRECT_OBJC_ISA_USAGE = YES_ERROR;
				CLANG_WARN_DOCUMENTATION_COMMENTS = YES;
				CLANG_WARN_EMPTY_BODY = YES;
				CLANG_WARN_ENUM_CONVERSION = YES;
				CLANG_WARN_INFINITE_RECURSION = YES;
				CLANG_WARN_INT_CONVERSION = YES;
				CLANG_WARN_NON_LITERAL_NULL_CONVERSION = YES;
				CLANG_WARN_OBJC_IMPLICIT_RETAIN_SELF = YES;
				CLANG_WARN_OBJC_LITERAL_CONVERSION = YES;
				CLANG_WARN_OBJC_ROOT_CLASS = YES_ERROR;
				CLANG_WARN_QUOTED_INCLUDE_IN_FRAMEWORK_HEADER = YES;
				CLANG_WARN_RANGE_LOOP_ANALYSIS = YES;
				CLANG_WARN_STRICT_PROTOTYPES = YES;
				CLANG_WARN_SUSPICIOUS_MOVE = YES;
				CLANG_WARN_UNGUARDED_AVAILABILITY = YES_AGGRESSIVE;
				CLANG_WARN_UNREACHABLE_CODE = YES;
				CLANG_WARN__DUPLICATE_METHOD_MATCH = YES;
				COPY_PHASE_STRIP = NO;
				DEBUG_INFORMATION_FORMAT = "dwarf-with-dsym";
				ENABLE_NS_ASSERTIONS = NO;
				ENABLE_STRICT_OBJC_MSGSEND = YES;
				GCC_C_LANGUAGE_STANDARD = gnu11;
				GCC_NO_COMMON_BLOCKS = YES;
				GCC_WARN_64_TO_32_BIT_CONVERSION = YES;
				GCC_WARN_ABOUT_RETURN_TYPE = YES_ERROR;
				GCC_WARN_UNDECLARED_SELECTOR = YES;
				GCC_WARN_UNINITIALIZED_AUTOS = YES_AGGRESSIVE;
				GCC_WARN_UNUSED_FUNCTION = YES;
				GCC_WARN_UNUSED_VARIABLE = YES;
				MTL_ENABLE_DEBUG_INFO = NO;
				MTL_FAST_MATH = YES;
				SWIFT_COMPILATION_MODE = wholemodule;
				SWIFT_OPTIMIZATION_LEVEL = "-O";
			};
			name = Release;
		};
		732AC0C22AC579450035506B /* Debug */ = {
			isa = XCBuildConfiguration;
			buildSettings = {
				ASSETCATALOG_COMPILER_APPICON_NAME = AppIcon;
				ASSETCATALOG_COMPILER_GLOBAL_ACCENT_COLOR_NAME = AccentColor;
				CODE_SIGN_ENTITLEMENTS = ExamplesAppUniversal/ExamplesAppUniversal.entitlements;
				CODE_SIGN_STYLE = Automatic;
				CURRENT_PROJECT_VERSION = 1;
				DEVELOPMENT_ASSET_PATHS = "\"ExamplesAppUniversal/Preview Content\"";
				ENABLE_PREVIEWS = YES;
				GENERATE_INFOPLIST_FILE = YES;
				INFOPLIST_KEY_LSApplicationCategoryType = "public.app-category.utilities";
				INFOPLIST_KEY_NSMainNibFile = Examples;
				INFOPLIST_KEY_NSPrincipalClass = NSApplication;
				"INFOPLIST_KEY_UIApplicationSceneManifest_Generation[sdk=iphoneos*]" = YES;
				"INFOPLIST_KEY_UIApplicationSceneManifest_Generation[sdk=iphonesimulator*]" = YES;
				"INFOPLIST_KEY_UIApplicationSupportsIndirectInputEvents[sdk=iphoneos*]" = YES;
				"INFOPLIST_KEY_UIApplicationSupportsIndirectInputEvents[sdk=iphonesimulator*]" = YES;
				"INFOPLIST_KEY_UILaunchScreen_Generation[sdk=iphoneos*]" = YES;
				"INFOPLIST_KEY_UILaunchScreen_Generation[sdk=iphonesimulator*]" = YES;
				"INFOPLIST_KEY_UIStatusBarStyle[sdk=iphoneos*]" = UIStatusBarStyleDefault;
				"INFOPLIST_KEY_UIStatusBarStyle[sdk=iphonesimulator*]" = UIStatusBarStyleDefault;
				INFOPLIST_KEY_UISupportedInterfaceOrientations = "UIInterfaceOrientationLandscapeLeft UIInterfaceOrientationLandscapeRight UIInterfaceOrientationPortrait UIInterfaceOrientationPortraitUpsideDown";
				IPHONEOS_DEPLOYMENT_TARGET = 13.6;
				LD_RUNPATH_SEARCH_PATHS = "@executable_path/Frameworks";
				"LD_RUNPATH_SEARCH_PATHS[sdk=macosx*]" = "@executable_path/../Frameworks";
				MACOSX_DEPLOYMENT_TARGET = 11.0;
				MARKETING_VERSION = 1.0;
				PRODUCT_BUNDLE_IDENTIFIER = programming.pedia.ExamplesAppUniversal;
				PRODUCT_NAME = "$(TARGET_NAME)";
				SDKROOT = macosx;
				SUPPORTED_PLATFORMS = "iphoneos iphonesimulator macosx";
				SWIFT_EMIT_LOC_STRINGS = YES;
				SWIFT_VERSION = 5.0;
				TARGETED_DEVICE_FAMILY = "1,2";
			};
			name = Debug;
		};
		732AC0C32AC579450035506B /* Release */ = {
			isa = XCBuildConfiguration;
			buildSettings = {
				ASSETCATALOG_COMPILER_APPICON_NAME = AppIcon;
				ASSETCATALOG_COMPILER_GLOBAL_ACCENT_COLOR_NAME = AccentColor;
				CODE_SIGN_ENTITLEMENTS = ExamplesAppUniversal/ExamplesAppUniversal.entitlements;
				CODE_SIGN_STYLE = Automatic;
				CURRENT_PROJECT_VERSION = 1;
				DEVELOPMENT_ASSET_PATHS = "\"ExamplesAppUniversal/Preview Content\"";
				ENABLE_PREVIEWS = YES;
				GENERATE_INFOPLIST_FILE = YES;
				INFOPLIST_KEY_LSApplicationCategoryType = "public.app-category.utilities";
				INFOPLIST_KEY_NSMainNibFile = Examples;
				INFOPLIST_KEY_NSPrincipalClass = NSApplication;
				"INFOPLIST_KEY_UIApplicationSceneManifest_Generation[sdk=iphoneos*]" = YES;
				"INFOPLIST_KEY_UIApplicationSceneManifest_Generation[sdk=iphonesimulator*]" = YES;
				"INFOPLIST_KEY_UIApplicationSupportsIndirectInputEvents[sdk=iphoneos*]" = YES;
				"INFOPLIST_KEY_UIApplicationSupportsIndirectInputEvents[sdk=iphonesimulator*]" = YES;
				"INFOPLIST_KEY_UILaunchScreen_Generation[sdk=iphoneos*]" = YES;
				"INFOPLIST_KEY_UILaunchScreen_Generation[sdk=iphonesimulator*]" = YES;
				"INFOPLIST_KEY_UIStatusBarStyle[sdk=iphoneos*]" = UIStatusBarStyleDefault;
				"INFOPLIST_KEY_UIStatusBarStyle[sdk=iphonesimulator*]" = UIStatusBarStyleDefault;
				INFOPLIST_KEY_UISupportedInterfaceOrientations = "UIInterfaceOrientationLandscapeLeft UIInterfaceOrientationLandscapeRight UIInterfaceOrientationPortrait UIInterfaceOrientationPortraitUpsideDown";
				IPHONEOS_DEPLOYMENT_TARGET = 13.6;
				LD_RUNPATH_SEARCH_PATHS = "@executable_path/Frameworks";
				"LD_RUNPATH_SEARCH_PATHS[sdk=macosx*]" = "@executable_path/../Frameworks";
				MACOSX_DEPLOYMENT_TARGET = 11.0;
				MARKETING_VERSION = 1.0;
				PRODUCT_BUNDLE_IDENTIFIER = programming.pedia.ExamplesAppUniversal;
				PRODUCT_NAME = "$(TARGET_NAME)";
				SDKROOT = macosx;
				SUPPORTED_PLATFORMS = "iphoneos iphonesimulator macosx";
				SWIFT_EMIT_LOC_STRINGS = YES;
				SWIFT_VERSION = 5.0;
				TARGETED_DEVICE_FAMILY = "1,2";
			};
			name = Release;
		};
		732AC0C52AC579450035506B /* Debug */ = {
			isa = XCBuildConfiguration;
			buildSettings = {
				ALWAYS_EMBED_SWIFT_STANDARD_LIBRARIES = YES;
				BUNDLE_LOADER = "$(TEST_HOST)";
				CODE_SIGN_STYLE = Automatic;
				CURRENT_PROJECT_VERSION = 1;
				GENERATE_INFOPLIST_FILE = YES;
				IPHONEOS_DEPLOYMENT_TARGET = 16.2;
				MACOSX_DEPLOYMENT_TARGET = 12.7;
				MARKETING_VERSION = 1.0;
				PRODUCT_BUNDLE_IDENTIFIER = programming.pedia.ExamplesAppUniversalTests;
				PRODUCT_NAME = "$(TARGET_NAME)";
				SDKROOT = auto;
				SUPPORTED_PLATFORMS = "iphoneos iphonesimulator macosx";
				SWIFT_EMIT_LOC_STRINGS = NO;
				SWIFT_VERSION = 5.0;
				TARGETED_DEVICE_FAMILY = "1,2";
				TEST_HOST = "$(BUILT_PRODUCTS_DIR)/ExamplesAppUniversal.app/$(BUNDLE_EXECUTABLE_FOLDER_PATH)/ExamplesAppUniversal";
			};
			name = Debug;
		};
		732AC0C62AC579450035506B /* Release */ = {
			isa = XCBuildConfiguration;
			buildSettings = {
				ALWAYS_EMBED_SWIFT_STANDARD_LIBRARIES = YES;
				BUNDLE_LOADER = "$(TEST_HOST)";
				CODE_SIGN_STYLE = Automatic;
				CURRENT_PROJECT_VERSION = 1;
				GENERATE_INFOPLIST_FILE = YES;
				IPHONEOS_DEPLOYMENT_TARGET = 16.2;
				MACOSX_DEPLOYMENT_TARGET = 12.7;
				MARKETING_VERSION = 1.0;
				PRODUCT_BUNDLE_IDENTIFIER = programming.pedia.ExamplesAppUniversalTests;
				PRODUCT_NAME = "$(TARGET_NAME)";
				SDKROOT = auto;
				SUPPORTED_PLATFORMS = "iphoneos iphonesimulator macosx";
				SWIFT_EMIT_LOC_STRINGS = NO;
				SWIFT_VERSION = 5.0;
				TARGETED_DEVICE_FAMILY = "1,2";
				TEST_HOST = "$(BUILT_PRODUCTS_DIR)/ExamplesAppUniversal.app/$(BUNDLE_EXECUTABLE_FOLDER_PATH)/ExamplesAppUniversal";
			};
			name = Release;
		};
		732AC0C82AC579450035506B /* Debug */ = {
			isa = XCBuildConfiguration;
			buildSettings = {
				ALWAYS_EMBED_SWIFT_STANDARD_LIBRARIES = YES;
				CODE_SIGN_STYLE = Automatic;
				CURRENT_PROJECT_VERSION = 1;
				GENERATE_INFOPLIST_FILE = YES;
				IPHONEOS_DEPLOYMENT_TARGET = 16.2;
				MACOSX_DEPLOYMENT_TARGET = 12.7;
				MARKETING_VERSION = 1.0;
				PRODUCT_BUNDLE_IDENTIFIER = programming.pedia.ExamplesAppUniversalUITests;
				PRODUCT_NAME = "$(TARGET_NAME)";
				SDKROOT = auto;
				SUPPORTED_PLATFORMS = "iphoneos iphonesimulator macosx";
				SWIFT_EMIT_LOC_STRINGS = NO;
				SWIFT_VERSION = 5.0;
				TARGETED_DEVICE_FAMILY = "1,2";
				TEST_TARGET_NAME = ExamplesAppUniversal;
			};
			name = Debug;
		};
		732AC0C92AC579450035506B /* Release */ = {
			isa = XCBuildConfiguration;
			buildSettings = {
				ALWAYS_EMBED_SWIFT_STANDARD_LIBRARIES = YES;
				CODE_SIGN_STYLE = Automatic;
				CURRENT_PROJECT_VERSION = 1;
				GENERATE_INFOPLIST_FILE = YES;
				IPHONEOS_DEPLOYMENT_TARGET = 16.2;
				MACOSX_DEPLOYMENT_TARGET = 12.7;
				MARKETING_VERSION = 1.0;
				PRODUCT_BUNDLE_IDENTIFIER = programming.pedia.ExamplesAppUniversalUITests;
				PRODUCT_NAME = "$(TARGET_NAME)";
				SDKROOT = auto;
				SUPPORTED_PLATFORMS = "iphoneos iphonesimulator macosx";
				SWIFT_EMIT_LOC_STRINGS = NO;
				SWIFT_VERSION = 5.0;
				TARGETED_DEVICE_FAMILY = "1,2";
				TEST_TARGET_NAME = ExamplesAppUniversal;
			};
			name = Release;
		};
/* End XCBuildConfiguration section */

/* Begin XCConfigurationList section */
		732AC0922AC579430035506B /* Build configuration list for PBXProject "ExamplesAppUniversal" */ = {
			isa = XCConfigurationList;
			buildConfigurations = (
				732AC0BF2AC579450035506B /* Debug */,
				732AC0C02AC579450035506B /* Release */,
			);
			defaultConfigurationIsVisible = 0;
			defaultConfigurationName = Release;
		};
		732AC0C12AC579450035506B /* Build configuration list for PBXNativeTarget "ExamplesAppUniversal" */ = {
			isa = XCConfigurationList;
			buildConfigurations = (
				732AC0C22AC579450035506B /* Debug */,
				732AC0C32AC579450035506B /* Release */,
			);
			defaultConfigurationIsVisible = 0;
			defaultConfigurationName = Release;
		};
		732AC0C42AC579450035506B /* Build configuration list for PBXNativeTarget "ExamplesAppUniversalTests" */ = {
			isa = XCConfigurationList;
			buildConfigurations = (
				732AC0C52AC579450035506B /* Debug */,
				732AC0C62AC579450035506B /* Release */,
			);
			defaultConfigurationIsVisible = 0;
			defaultConfigurationName = Release;
		};
		732AC0C72AC579450035506B /* Build configuration list for PBXNativeTarget "ExamplesAppUniversalUITests" */ = {
			isa = XCConfigurationList;
			buildConfigurations = (
				732AC0C82AC579450035506B /* Debug */,
				732AC0C92AC579450035506B /* Release */,
			);
			defaultConfigurationIsVisible = 0;
			defaultConfigurationName = Release;
		};
/* End XCConfigurationList section */

/* Begin XCVersionGroup section */
		732AC09E2AC579430035506B /* ExamplesAppUniversal.xcdatamodeld */ = {
			isa = XCVersionGroup;
			children = (
				732AC09F2AC579430035506B /* ExamplesAppUniversal.xcdatamodel */,
			);
			currentVersion = 732AC09F2AC579430035506B /* ExamplesAppUniversal.xcdatamodel */;
			path = ExamplesAppUniversal.xcdatamodeld;
			sourceTree = "<group>";
			versionGroupType = wrapper.xcdatamodel;
		};
/* End XCVersionGroup section */
	};
	rootObject = 732AC08F2AC579430035506B /* Project object */;
}
