// !$*UTF8*$!
{
	archiveVersion = 1;
	classes = {
	};
	objectVersion = 54;
	objects = {

/* Begin PBXBuildFile section */
		732AC0D92AC582FE0035506B /* AppDelegate.swift in Sources */ = {isa = PBXBuildFile; fileRef = 732AC0D82AC582FE0035506B /* AppDelegate.swift */; };
		732AC0DC2AC582FE0035506B /* ExamplesAppXIBmacOSSwift.xcdatamodeld in Sources */ = {isa = PBXBuildFile; fileRef = 732AC0DA2AC582FE0035506B /* ExamplesAppXIBmacOSSwift.xcdatamodeld */; };
		732AC0DE2AC583000035506B /* Assets.xcassets in Resources */ = {isa = PBXBuildFile; fileRef = 732AC0DD2AC583000035506B /* Assets.xcassets */; };
		732AC0E12AC583000035506B /* MainMenu.xib in Resources */ = {isa = PBXBuildFile; fileRef = 732AC0DF2AC583000035506B /* MainMenu.xib */; };
		732AC0EC2AC583000035506B /* ExamplesAppXIBmacOSSwiftTests.swift in Sources */ = {isa = PBXBuildFile; fileRef = 732AC0EB2AC583000035506B /* ExamplesAppXIBmacOSSwiftTests.swift */; };
		732AC0F62AC583000035506B /* ExamplesAppXIBmacOSSwiftUITests.swift in Sources */ = {isa = PBXBuildFile; fileRef = 732AC0F52AC583000035506B /* ExamplesAppXIBmacOSSwiftUITests.swift */; };
		732AC0F82AC583000035506B /* ExamplesAppXIBmacOSSwiftUITestsLaunchTests.swift in Sources */ = {isa = PBXBuildFile; fileRef = 732AC0F72AC583000035506B /* ExamplesAppXIBmacOSSwiftUITestsLaunchTests.swift */; };
/* End PBXBuildFile section */

/* Begin PBXContainerItemProxy section */
		732AC0E82AC583000035506B /* PBXContainerItemProxy */ = {
			isa = PBXContainerItemProxy;
			containerPortal = 732AC0CD2AC582FE0035506B /* Project object */;
			proxyType = 1;
			remoteGlobalIDString = 732AC0D42AC582FE0035506B;
			remoteInfo = ExamplesAppXIBmacOSSwift;
		};
		732AC0F22AC583000035506B /* PBXContainerItemProxy */ = {
			isa = PBXContainerItemProxy;
			containerPortal = 732AC0CD2AC582FE0035506B /* Project object */;
			proxyType = 1;
			remoteGlobalIDString = 732AC0D42AC582FE0035506B;
			remoteInfo = ExamplesAppXIBmacOSSwift;
		};
/* End PBXContainerItemProxy section */

/* Begin PBXFileReference section */
		732AC0D52AC582FE0035506B /* ExamplesAppXIBmacOSSwift.app */ = {isa = PBXFileReference; explicitFileType = wrapper.application; includeInIndex = 0; path = ExamplesAppXIBmacOSSwift.app; sourceTree = BUILT_PRODUCTS_DIR; };
		732AC0D82AC582FE0035506B /* AppDelegate.swift */ = {isa = PBXFileReference; lastKnownFileType = sourcecode.swift; path = AppDelegate.swift; sourceTree = "<group>"; };
		732AC0DB2AC582FE0035506B /* ExamplesAppXIBmacOSSwift.xcdatamodel */ = {isa = PBXFileReference; lastKnownFileType = wrapper.xcdatamodel; path = ExamplesAppXIBmacOSSwift.xcdatamodel; sourceTree = "<group>"; };
		732AC0DD2AC583000035506B /* Assets.xcassets */ = {isa = PBXFileReference; lastKnownFileType = folder.assetcatalog; path = Assets.xcassets; sourceTree = "<group>"; };
		732AC0E02AC583000035506B /* Base */ = {isa = PBXFileReference; lastKnownFileType = file.xib; name = Base; path = Base.lproj/MainMenu.xib; sourceTree = "<group>"; };
		732AC0E22AC583000035506B /* ExamplesAppXIBmacOSSwift.entitlements */ = {isa = PBXFileReference; lastKnownFileType = text.plist.entitlements; path = ExamplesAppXIBmacOSSwift.entitlements; sourceTree = "<group>"; };
		732AC0E72AC583000035506B /* ExamplesAppXIBmacOSSwiftTests.xctest */ = {isa = PBXFileReference; explicitFileType = wrapper.cfbundle; includeInIndex = 0; path = ExamplesAppXIBmacOSSwiftTests.xctest; sourceTree = BUILT_PRODUCTS_DIR; };
		732AC0EB2AC583000035506B /* ExamplesAppXIBmacOSSwiftTests.swift */ = {isa = PBXFileReference; lastKnownFileType = sourcecode.swift; path = ExamplesAppXIBmacOSSwiftTests.swift; sourceTree = "<group>"; };
		732AC0F12AC583000035506B /* ExamplesAppXIBmacOSSwiftUITests.xctest */ = {isa = PBXFileReference; explicitFileType = wrapper.cfbundle; includeInIndex = 0; path = ExamplesAppXIBmacOSSwiftUITests.xctest; sourceTree = BUILT_PRODUCTS_DIR; };
		732AC0F52AC583000035506B /* ExamplesAppXIBmacOSSwiftUITests.swift */ = {isa = PBXFileReference; lastKnownFileType = sourcecode.swift; path = ExamplesAppXIBmacOSSwiftUITests.swift; sourceTree = "<group>"; };
		732AC0F72AC583000035506B /* ExamplesAppXIBmacOSSwiftUITestsLaunchTests.swift */ = {isa = PBXFileReference; lastKnownFileType = sourcecode.swift; path = ExamplesAppXIBmacOSSwiftUITestsLaunchTests.swift; sourceTree = "<group>"; };
		7344D1FD2AC6355900CA8CD0 /* Examples.playground */ = {isa = PBXFileReference; lastKnownFileType = file.playground; path = Examples.playground; sourceTree = "<group>"; xcLanguageSpecificationIdentifier = xcode.lang.swift; };
/* End PBXFileReference section */

/* Begin PBXFrameworksBuildPhase section */
		732AC0D22AC582FE0035506B /* Frameworks */ = {
			isa = PBXFrameworksBuildPhase;
			buildActionMask = 2147483647;
			files = (
			);
			runOnlyForDeploymentPostprocessing = 0;
		};
		732AC0E42AC583000035506B /* Frameworks */ = {
			isa = PBXFrameworksBuildPhase;
			buildActionMask = 2147483647;
			files = (
			);
			runOnlyForDeploymentPostprocessing = 0;
		};
		732AC0EE2AC583000035506B /* Frameworks */ = {
			isa = PBXFrameworksBuildPhase;
			buildActionMask = 2147483647;
			files = (
			);
			runOnlyForDeploymentPostprocessing = 0;
		};
/* End PBXFrameworksBuildPhase section */

/* Begin PBXGroup section */
		732AC0CC2AC582FE0035506B = {
			isa = PBXGroup;
			children = (
				732AC0D72AC582FE0035506B /* ExamplesAppXIBmacOSSwift */,
				732AC0EA2AC583000035506B /* ExamplesAppXIBmacOSSwiftTests */,
				732AC0F42AC583000035506B /* ExamplesAppXIBmacOSSwiftUITests */,
				732AC0D62AC582FE0035506B /* Products */,
			);
			sourceTree = "<group>";
			wrapsLines = 1;
		};
		732AC0D62AC582FE0035506B /* Products */ = {
			isa = PBXGroup;
			children = (
				732AC0D52AC582FE0035506B /* ExamplesAppXIBmacOSSwift.app */,
				732AC0E72AC583000035506B /* ExamplesAppXIBmacOSSwiftTests.xctest */,
				732AC0F12AC583000035506B /* ExamplesAppXIBmacOSSwiftUITests.xctest */,
			);
			name = Products;
			sourceTree = "<group>";
		};
		732AC0D72AC582FE0035506B /* ExamplesAppXIBmacOSSwift */ = {
			isa = PBXGroup;
			children = (
				732AC0D82AC582FE0035506B /* AppDelegate.swift */,
				732AC0DD2AC583000035506B /* Assets.xcassets */,
				732AC0DF2AC583000035506B /* MainMenu.xib */,
				732AC0E22AC583000035506B /* ExamplesAppXIBmacOSSwift.entitlements */,
				732AC0DA2AC582FE0035506B /* ExamplesAppXIBmacOSSwift.xcdatamodeld */,
				7344D1FD2AC6355900CA8CD0 /* Examples.playground */,
			);
			path = ExamplesAppXIBmacOSSwift;
			sourceTree = "<group>";
		};
		732AC0EA2AC583000035506B /* ExamplesAppXIBmacOSSwiftTests */ = {
			isa = PBXGroup;
			children = (
				732AC0EB2AC583000035506B /* ExamplesAppXIBmacOSSwiftTests.swift */,
			);
			path = ExamplesAppXIBmacOSSwiftTests;
			sourceTree = "<group>";
		};
		732AC0F42AC583000035506B /* ExamplesAppXIBmacOSSwiftUITests */ = {
			isa = PBXGroup;
			children = (
				732AC0F52AC583000035506B /* ExamplesAppXIBmacOSSwiftUITests.swift */,
				732AC0F72AC583000035506B /* ExamplesAppXIBmacOSSwiftUITestsLaunchTests.swift */,
			);
			path = ExamplesAppXIBmacOSSwiftUITests;
			sourceTree = "<group>";
		};
/* End PBXGroup section */

/* Begin PBXNativeTarget section */
		732AC0D42AC582FE0035506B /* ExamplesAppXIBmacOSSwift */ = {
			isa = PBXNativeTarget;
			buildConfigurationList = 732AC0FB2AC583000035506B /* Build configuration list for PBXNativeTarget "ExamplesAppXIBmacOSSwift" */;
			buildPhases = (
				732AC0D12AC582FE0035506B /* Sources */,
				732AC0D22AC582FE0035506B /* Frameworks */,
				732AC0D32AC582FE0035506B /* Resources */,
			);
			buildRules = (
			);
			dependencies = (
			);
			name = ExamplesAppXIBmacOSSwift;
			productName = ExamplesAppXIBmacOSSwift;
			productReference = 732AC0D52AC582FE0035506B /* ExamplesAppXIBmacOSSwift.app */;
			productType = "com.apple.product-type.application";
		};
		732AC0E62AC583000035506B /* ExamplesAppXIBmacOSSwiftTests */ = {
			isa = PBXNativeTarget;
			buildConfigurationList = 732AC0FE2AC583000035506B /* Build configuration list for PBXNativeTarget "ExamplesAppXIBmacOSSwiftTests" */;
			buildPhases = (
				732AC0E32AC583000035506B /* Sources */,
				732AC0E42AC583000035506B /* Frameworks */,
				732AC0E52AC583000035506B /* Resources */,
			);
			buildRules = (
			);
			dependencies = (
				732AC0E92AC583000035506B /* PBXTargetDependency */,
			);
			name = ExamplesAppXIBmacOSSwiftTests;
			productName = ExamplesAppXIBmacOSSwiftTests;
			productReference = 732AC0E72AC583000035506B /* ExamplesAppXIBmacOSSwiftTests.xctest */;
			productType = "com.apple.product-type.bundle.unit-test";
		};
		732AC0F02AC583000035506B /* ExamplesAppXIBmacOSSwiftUITests */ = {
			isa = PBXNativeTarget;
			buildConfigurationList = 732AC1012AC583000035506B /* Build configuration list for PBXNativeTarget "ExamplesAppXIBmacOSSwiftUITests" */;
			buildPhases = (
				732AC0ED2AC583000035506B /* Sources */,
				732AC0EE2AC583000035506B /* Frameworks */,
				732AC0EF2AC583000035506B /* Resources */,
			);
			buildRules = (
			);
			dependencies = (
				732AC0F32AC583000035506B /* PBXTargetDependency */,
			);
			name = ExamplesAppXIBmacOSSwiftUITests;
			productName = ExamplesAppXIBmacOSSwiftUITests;
			productReference = 732AC0F12AC583000035506B /* ExamplesAppXIBmacOSSwiftUITests.xctest */;
			productType = "com.apple.product-type.bundle.ui-testing";
		};
/* End PBXNativeTarget section */

/* Begin PBXProject section */
		732AC0CD2AC582FE0035506B /* Project object */ = {
			isa = PBXProject;
			attributes = {
				BuildIndependentTargetsInParallel = 1;
				LastSwiftUpdateCheck = 1420;
				LastUpgradeCheck = 1420;
				TargetAttributes = {
					732AC0D42AC582FE0035506B = {
						CreatedOnToolsVersion = 14.2;
					};
					732AC0E62AC583000035506B = {
						CreatedOnToolsVersion = 14.2;
						TestTargetID = 732AC0D42AC582FE0035506B;
					};
					732AC0F02AC583000035506B = {
						CreatedOnToolsVersion = 14.2;
						TestTargetID = 732AC0D42AC582FE0035506B;
					};
				};
			};
			buildConfigurationList = 732AC0D02AC582FE0035506B /* Build configuration list for PBXProject "ExamplesAppXIBmacOSSwift" */;
			compatibilityVersion = "Xcode 12.0";
			developmentRegion = en;
			hasScannedForEncodings = 0;
			knownRegions = (
				en,
				Base,
			);
			mainGroup = 732AC0CC2AC582FE0035506B;
			productRefGroup = 732AC0D62AC582FE0035506B /* Products */;
			projectDirPath = "";
			projectRoot = "";
			targets = (
				732AC0D42AC582FE0035506B /* ExamplesAppXIBmacOSSwift */,
				732AC0E62AC583000035506B /* ExamplesAppXIBmacOSSwiftTests */,
				732AC0F02AC583000035506B /* ExamplesAppXIBmacOSSwiftUITests */,
			);
		};
/* End PBXProject section */

/* Begin PBXResourcesBuildPhase section */
		732AC0D32AC582FE0035506B /* Resources */ = {
			isa = PBXResourcesBuildPhase;
			buildActionMask = 2147483647;
			files = (
				732AC0DE2AC583000035506B /* Assets.xcassets in Resources */,
				732AC0E12AC583000035506B /* MainMenu.xib in Resources */,
			);
			runOnlyForDeploymentPostprocessing = 0;
		};
		732AC0E52AC583000035506B /* Resources */ = {
			isa = PBXResourcesBuildPhase;
			buildActionMask = 2147483647;
			files = (
			);
			runOnlyForDeploymentPostprocessing = 0;
		};
		732AC0EF2AC583000035506B /* Resources */ = {
			isa = PBXResourcesBuildPhase;
			buildActionMask = 2147483647;
			files = (
			);
			runOnlyForDeploymentPostprocessing = 0;
		};
/* End PBXResourcesBuildPhase section */

/* Begin PBXSourcesBuildPhase section */
		732AC0D12AC582FE0035506B /* Sources */ = {
			isa = PBXSourcesBuildPhase;
			buildActionMask = 2147483647;
			files = (
				732AC0DC2AC582FE0035506B /* ExamplesAppXIBmacOSSwift.xcdatamodeld in Sources */,
				732AC0D92AC582FE0035506B /* AppDelegate.swift in Sources */,
			);
			runOnlyForDeploymentPostprocessing = 0;
		};
		732AC0E32AC583000035506B /* Sources */ = {
			isa = PBXSourcesBuildPhase;
			buildActionMask = 2147483647;
			files = (
				732AC0EC2AC583000035506B /* ExamplesAppXIBmacOSSwiftTests.swift in Sources */,
			);
			runOnlyForDeploymentPostprocessing = 0;
		};
		732AC0ED2AC583000035506B /* Sources */ = {
			isa = PBXSourcesBuildPhase;
			buildActionMask = 2147483647;
			files = (
				732AC0F62AC583000035506B /* ExamplesAppXIBmacOSSwiftUITests.swift in Sources */,
				732AC0F82AC583000035506B /* ExamplesAppXIBmacOSSwiftUITestsLaunchTests.swift in Sources */,
			);
			runOnlyForDeploymentPostprocessing = 0;
		};
/* End PBXSourcesBuildPhase section */

/* Begin PBXTargetDependency section */
		732AC0E92AC583000035506B /* PBXTargetDependency */ = {
			isa = PBXTargetDependency;
			target = 732AC0D42AC582FE0035506B /* ExamplesAppXIBmacOSSwift */;
			targetProxy = 732AC0E82AC583000035506B /* PBXContainerItemProxy */;
		};
		732AC0F32AC583000035506B /* PBXTargetDependency */ = {
			isa = PBXTargetDependency;
			target = 732AC0D42AC582FE0035506B /* ExamplesAppXIBmacOSSwift */;
			targetProxy = 732AC0F22AC583000035506B /* PBXContainerItemProxy */;
		};
/* End PBXTargetDependency section */

/* Begin PBXVariantGroup section */
		732AC0DF2AC583000035506B /* MainMenu.xib */ = {
			isa = PBXVariantGroup;
			children = (
				732AC0E02AC583000035506B /* Base */,
			);
			name = MainMenu.xib;
			sourceTree = "<group>";
		};
/* End PBXVariantGroup section */

/* Begin XCBuildConfiguration section */
		732AC0F92AC583000035506B /* Debug */ = {
			isa = XCBuildConfiguration;
			buildSettings = {
				ALWAYS_SEARCH_USER_PATHS = NO;
				CLANG_ANALYZER_NONNULL = YES;
				CLANG_ANALYZER_NUMBER_OBJECT_CONVERSION = YES_AGGRESSIVE;
				CLANG_CXX_LANGUAGE_STANDARD = "gnu++20";
				CLANG_ENABLE_MODULES = YES;
				CLANG_ENABLE_OBJC_ARC = YES;
				CLANG_ENABLE_OBJC_WEAK = YES;
				CLANG_WARN_BLOCK_CAPTURE_AUTORELEASING = YES;
				CLANG_WARN_BOOL_CONVERSION = YES;
				CLANG_WARN_COMMA = YES;
				CLANG_WARN_CONSTANT_CONVERSION = YES;
				CLANG_WARN_DEPRECATED_OBJC_IMPLEMENTATIONS = YES;
				CLANG_WARN_DIRECT_OBJC_ISA_USAGE = YES_ERROR;
				CLANG_WARN_DOCUMENTATION_COMMENTS = YES;
				CLANG_WARN_EMPTY_BODY = YES;
				CLANG_WARN_ENUM_CONVERSION = YES;
				CLANG_WARN_INFINITE_RECURSION = YES;
				CLANG_WARN_INT_CONVERSION = YES;
				CLANG_WARN_NON_LITERAL_NULL_CONVERSION = YES;
				CLANG_WARN_OBJC_IMPLICIT_RETAIN_SELF = YES;
				CLANG_WARN_OBJC_LITERAL_CONVERSION = YES;
				CLANG_WARN_OBJC_ROOT_CLASS = YES_ERROR;
				CLANG_WARN_QUOTED_INCLUDE_IN_FRAMEWORK_HEADER = YES;
				CLANG_WARN_RANGE_LOOP_ANALYSIS = YES;
				CLANG_WARN_STRICT_PROTOTYPES = YES;
				CLANG_WARN_SUSPICIOUS_MOVE = YES;
				CLANG_WARN_UNGUARDED_AVAILABILITY = YES_AGGRESSIVE;
				CLANG_WARN_UNREACHABLE_CODE = YES;
				CLANG_WARN__DUPLICATE_METHOD_MATCH = YES;
				COPY_PHASE_STRIP = NO;
				DEBUG_INFORMATION_FORMAT = dwarf;
				ENABLE_STRICT_OBJC_MSGSEND = YES;
				ENABLE_TESTABILITY = YES;
				GCC_C_LANGUAGE_STANDARD = gnu11;
				GCC_DYNAMIC_NO_PIC = NO;
				GCC_NO_COMMON_BLOCKS = YES;
				GCC_OPTIMIZATION_LEVEL = 0;
				GCC_PREPROCESSOR_DEFINITIONS = (
					"DEBUG=1",
					"$(inherited)",
				);
				GCC_WARN_64_TO_32_BIT_CONVERSION = YES;
				GCC_WARN_ABOUT_RETURN_TYPE = YES_ERROR;
				GCC_WARN_UNDECLARED_SELECTOR = YES;
				GCC_WARN_UNINITIALIZED_AUTOS = YES_AGGRESSIVE;
				GCC_WARN_UNUSED_FUNCTION = YES;
				GCC_WARN_UNUSED_VARIABLE = YES;
				MACOSX_DEPLOYMENT_TARGET = 12.7;
				MTL_ENABLE_DEBUG_INFO = INCLUDE_SOURCE;
				MTL_FAST_MATH = YES;
				ONLY_ACTIVE_ARCH = YES;
				SDKROOT = macosx;
				SWIFT_ACTIVE_COMPILATION_CONDITIONS = DEBUG;
				SWIFT_OPTIMIZATION_LEVEL = "-Onone";
			};
			name = Debug;
		};
		732AC0FA2AC583000035506B /* Release */ = {
			isa = XCBuildConfiguration;
			buildSettings = {
				ALWAYS_SEARCH_USER_PATHS = NO;
				CLANG_ANALYZER_NONNULL = YES;
				CLANG_ANALYZER_NUMBER_OBJECT_CONVERSION = YES_AGGRESSIVE;
				CLANG_CXX_LANGUAGE_STANDARD = "gnu++20";
				CLANG_ENABLE_MODULES = YES;
				CLANG_ENABLE_OBJC_ARC = YES;
				CLANG_ENABLE_OBJC_WEAK = YES;
				CLANG_WARN_BLOCK_CAPTURE_AUTORELEASING = YES;
				CLANG_WARN_BOOL_CONVERSION = YES;
				CLANG_WARN_COMMA = YES;
				CLANG_WARN_CONSTANT_CONVERSION = YES;
				CLANG_WARN_DEPRECATED_OBJC_IMPLEMENTATIONS = YES;
				CLANG_WARN_DIRECT_OBJC_ISA_USAGE = YES_ERROR;
				CLANG_WARN_DOCUMENTATION_COMMENTS = YES;
				CLANG_WARN_EMPTY_BODY = YES;
				CLANG_WARN_ENUM_CONVERSION = YES;
				CLANG_WARN_INFINITE_RECURSION = YES;
				CLANG_WARN_INT_CONVERSION = YES;
				CLANG_WARN_NON_LITERAL_NULL_CONVERSION = YES;
				CLANG_WARN_OBJC_IMPLICIT_RETAIN_SELF = YES;
				CLANG_WARN_OBJC_LITERAL_CONVERSION = YES;
				CLANG_WARN_OBJC_ROOT_CLASS = YES_ERROR;
				CLANG_WARN_QUOTED_INCLUDE_IN_FRAMEWORK_HEADER = YES;
				CLANG_WARN_RANGE_LOOP_ANALYSIS = YES;
				CLANG_WARN_STRICT_PROTOTYPES = YES;
				CLANG_WARN_SUSPICIOUS_MOVE = YES;
				CLANG_WARN_UNGUARDED_AVAILABILITY = YES_AGGRESSIVE;
				CLANG_WARN_UNREACHABLE_CODE = YES;
				CLANG_WARN__DUPLICATE_METHOD_MATCH = YES;
				COPY_PHASE_STRIP = NO;
				DEBUG_INFORMATION_FORMAT = "dwarf-with-dsym";
				ENABLE_NS_ASSERTIONS = NO;
				ENABLE_STRICT_OBJC_MSGSEND = YES;
				GCC_C_LANGUAGE_STANDARD = gnu11;
				GCC_NO_COMMON_BLOCKS = YES;
				GCC_WARN_64_TO_32_BIT_CONVERSION = YES;
				GCC_WARN_ABOUT_RETURN_TYPE = YES_ERROR;
				GCC_WARN_UNDECLARED_SELECTOR = YES;
				GCC_WARN_UNINITIALIZED_AUTOS = YES_AGGRESSIVE;
				GCC_WARN_UNUSED_FUNCTION = YES;
				GCC_WARN_UNUSED_VARIABLE = YES;
				MACOSX_DEPLOYMENT_TARGET = 12.7;
				MTL_ENABLE_DEBUG_INFO = NO;
				MTL_FAST_MATH = YES;
				SDKROOT = macosx;
				SWIFT_COMPILATION_MODE = wholemodule;
				SWIFT_OPTIMIZATION_LEVEL = "-O";
			};
			name = Release;
		};
		732AC0FC2AC583000035506B /* Debug */ = {
			isa = XCBuildConfiguration;
			buildSettings = {
				ASSETCATALOG_COMPILER_APPICON_NAME = AppIcon;
				ASSETCATALOG_COMPILER_GLOBAL_ACCENT_COLOR_NAME = AccentColor;
				CODE_SIGN_ENTITLEMENTS = ExamplesAppXIBmacOSSwift/ExamplesAppXIBmacOSSwift.entitlements;
				CODE_SIGN_STYLE = Automatic;
				COMBINE_HIDPI_IMAGES = YES;
				CURRENT_PROJECT_VERSION = 1;
				GENERATE_INFOPLIST_FILE = YES;
				INFOPLIST_KEY_NSHumanReadableCopyright = "";
				INFOPLIST_KEY_NSMainNibFile = MainMenu;
				INFOPLIST_KEY_NSPrincipalClass = NSApplication;
				LD_RUNPATH_SEARCH_PATHS = (
					"$(inherited)",
					"@executable_path/../Frameworks",
				);
				MACOSX_DEPLOYMENT_TARGET = 10.15;
				MARKETING_VERSION = 1.0;
				PRODUCT_BUNDLE_IDENTIFIER = programming.pedia.ExamplesAppXIBmacOSSwift;
				PRODUCT_NAME = "$(TARGET_NAME)";
				SWIFT_EMIT_LOC_STRINGS = YES;
				SWIFT_VERSION = 5.0;
			};
			name = Debug;
		};
		732AC0FD2AC583000035506B /* Release */ = {
			isa = XCBuildConfiguration;
			buildSettings = {
				ASSETCATALOG_COMPILER_APPICON_NAME = AppIcon;
				ASSETCATALOG_COMPILER_GLOBAL_ACCENT_COLOR_NAME = AccentColor;
				CODE_SIGN_ENTITLEMENTS = ExamplesAppXIBmacOSSwift/ExamplesAppXIBmacOSSwift.entitlements;
				CODE_SIGN_STYLE = Automatic;
				COMBINE_HIDPI_IMAGES = YES;
				CURRENT_PROJECT_VERSION = 1;
				GENERATE_INFOPLIST_FILE = YES;
				INFOPLIST_KEY_NSHumanReadableCopyright = "";
				INFOPLIST_KEY_NSMainNibFile = MainMenu;
				INFOPLIST_KEY_NSPrincipalClass = NSApplication;
				LD_RUNPATH_SEARCH_PATHS = (
					"$(inherited)",
					"@executable_path/../Frameworks",
				);
				MACOSX_DEPLOYMENT_TARGET = 10.15;
				MARKETING_VERSION = 1.0;
				PRODUCT_BUNDLE_IDENTIFIER = programming.pedia.ExamplesAppXIBmacOSSwift;
				PRODUCT_NAME = "$(TARGET_NAME)";
				SWIFT_EMIT_LOC_STRINGS = YES;
				SWIFT_VERSION = 5.0;
			};
			name = Release;
		};
		732AC0FF2AC583000035506B /* Debug */ = {
			isa = XCBuildConfiguration;
			buildSettings = {
				ALWAYS_EMBED_SWIFT_STANDARD_LIBRARIES = YES;
				BUNDLE_LOADER = "$(TEST_HOST)";
				CODE_SIGN_STYLE = Automatic;
				CURRENT_PROJECT_VERSION = 1;
				GENERATE_INFOPLIST_FILE = YES;
				MACOSX_DEPLOYMENT_TARGET = 10.15;
				MARKETING_VERSION = 1.0;
				PRODUCT_BUNDLE_IDENTIFIER = programming.pedia.ExamplesAppXIBmacOSSwiftTests;
				PRODUCT_NAME = "$(TARGET_NAME)";
				SWIFT_EMIT_LOC_STRINGS = NO;
				SWIFT_VERSION = 5.0;
				TEST_HOST = "$(BUILT_PRODUCTS_DIR)/ExamplesAppXIBmacOSSwift.app/$(BUNDLE_EXECUTABLE_FOLDER_PATH)/ExamplesAppXIBmacOSSwift";
			};
			name = Debug;
		};
		732AC1002AC583000035506B /* Release */ = {
			isa = XCBuildConfiguration;
			buildSettings = {
				ALWAYS_EMBED_SWIFT_STANDARD_LIBRARIES = YES;
				BUNDLE_LOADER = "$(TEST_HOST)";
				CODE_SIGN_STYLE = Automatic;
				CURRENT_PROJECT_VERSION = 1;
				GENERATE_INFOPLIST_FILE = YES;
				MACOSX_DEPLOYMENT_TARGET = 10.15;
				MARKETING_VERSION = 1.0;
				PRODUCT_BUNDLE_IDENTIFIER = programming.pedia.ExamplesAppXIBmacOSSwiftTests;
				PRODUCT_NAME = "$(TARGET_NAME)";
				SWIFT_EMIT_LOC_STRINGS = NO;
				SWIFT_VERSION = 5.0;
				TEST_HOST = "$(BUILT_PRODUCTS_DIR)/ExamplesAppXIBmacOSSwift.app/$(BUNDLE_EXECUTABLE_FOLDER_PATH)/ExamplesAppXIBmacOSSwift";
			};
			name = Release;
		};
		732AC1022AC583000035506B /* Debug */ = {
			isa = XCBuildConfiguration;
			buildSettings = {
				ALWAYS_EMBED_SWIFT_STANDARD_LIBRARIES = YES;
				CODE_SIGN_STYLE = Automatic;
				CURRENT_PROJECT_VERSION = 1;
				GENERATE_INFOPLIST_FILE = YES;
				MARKETING_VERSION = 1.0;
				PRODUCT_BUNDLE_IDENTIFIER = programming.pedia.ExamplesAppXIBmacOSSwiftUITests;
				PRODUCT_NAME = "$(TARGET_NAME)";
				SWIFT_EMIT_LOC_STRINGS = NO;
				SWIFT_VERSION = 5.0;
				TEST_TARGET_NAME = ExamplesAppXIBmacOSSwift;
			};
			name = Debug;
		};
		732AC1032AC583000035506B /* Release */ = {
			isa = XCBuildConfiguration;
			buildSettings = {
				ALWAYS_EMBED_SWIFT_STANDARD_LIBRARIES = YES;
				CODE_SIGN_STYLE = Automatic;
				CURRENT_PROJECT_VERSION = 1;
				GENERATE_INFOPLIST_FILE = YES;
				MARKETING_VERSION = 1.0;
				PRODUCT_BUNDLE_IDENTIFIER = programming.pedia.ExamplesAppXIBmacOSSwiftUITests;
				PRODUCT_NAME = "$(TARGET_NAME)";
				SWIFT_EMIT_LOC_STRINGS = NO;
				SWIFT_VERSION = 5.0;
				TEST_TARGET_NAME = ExamplesAppXIBmacOSSwift;
			};
			name = Release;
		};
/* End XCBuildConfiguration section */

/* Begin XCConfigurationList section */
		732AC0D02AC582FE0035506B /* Build configuration list for PBXProject "ExamplesAppXIBmacOSSwift" */ = {
			isa = XCConfigurationList;
			buildConfigurations = (
				732AC0F92AC583000035506B /* Debug */,
				732AC0FA2AC583000035506B /* Release */,
			);
			defaultConfigurationIsVisible = 0;
			defaultConfigurationName = Release;
		};
		732AC0FB2AC583000035506B /* Build configuration list for PBXNativeTarget "ExamplesAppXIBmacOSSwift" */ = {
			isa = XCConfigurationList;
			buildConfigurations = (
				732AC0FC2AC583000035506B /* Debug */,
				732AC0FD2AC583000035506B /* Release */,
			);
			defaultConfigurationIsVisible = 0;
			defaultConfigurationName = Release;
		};
		732AC0FE2AC583000035506B /* Build configuration list for PBXNativeTarget "ExamplesAppXIBmacOSSwiftTests" */ = {
			isa = XCConfigurationList;
			buildConfigurations = (
				732AC0FF2AC583000035506B /* Debug */,
				732AC1002AC583000035506B /* Release */,
			);
			defaultConfigurationIsVisible = 0;
			defaultConfigurationName = Release;
		};
		732AC1012AC583000035506B /* Build configuration list for PBXNativeTarget "ExamplesAppXIBmacOSSwiftUITests" */ = {
			isa = XCConfigurationList;
			buildConfigurations = (
				732AC1022AC583000035506B /* Debug */,
				732AC1032AC583000035506B /* Release */,
			);
			defaultConfigurationIsVisible = 0;
			defaultConfigurationName = Release;
		};
/* End XCConfigurationList section */

/* Begin XCVersionGroup section */
		732AC0DA2AC582FE0035506B /* ExamplesAppXIBmacOSSwift.xcdatamodeld */ = {
			isa = XCVersionGroup;
			children = (
				732AC0DB2AC582FE0035506B /* ExamplesAppXIBmacOSSwift.xcdatamodel */,
			);
			currentVersion = 732AC0DB2AC582FE0035506B /* ExamplesAppXIBmacOSSwift.xcdatamodel */;
			path = ExamplesAppXIBmacOSSwift.xcdatamodeld;
			sourceTree = "<group>";
			versionGroupType = wrapper.xcdatamodel;
		};
/* End XCVersionGroup section */
	};
	rootObject = 732AC0CD2AC582FE0035506B /* Project object */;
}
